// !$*UTF8*$!
{
	archiveVersion = 1;
	classes = {
	};
	objectVersion = 55;
	objects = {

/* Begin PBXBuildFile section */
		3B329A08274EF30400948681 /* Refeicao.swift in Sources */ = {isa = PBXBuildFile; fileRef = 3B329A07274EF30400948681 /* Refeicao.swift */; };
		3B329A0A274EF35D00948681 /* Item.swift in Sources */ = {isa = PBXBuildFile; fileRef = 3B329A09274EF35D00948681 /* Item.swift */; };
		3B5125E42752CE5700D3821D /* RefeicoesViewController.swift in Sources */ = {isa = PBXBuildFile; fileRef = 3B5125E32752CE5700D3821D /* RefeicoesViewController.swift */; };
		3B65B7892753F445003E7D7C /* AdicionarItemViewController.swift in Sources */ = {isa = PBXBuildFile; fileRef = 3B65B7872753F445003E7D7C /* AdicionarItemViewController.swift */; };
		3B65B78A2753F445003E7D7C /* AdicionarItemViewController.xib in Resources */ = {isa = PBXBuildFile; fileRef = 3B65B7882753F445003E7D7C /* AdicionarItemViewController.xib */; };
		3B8F3AF627583D3400914B2C /* Alerta.swift in Sources */ = {isa = PBXBuildFile; fileRef = 3B8F3AF527583D3400914B2C /* Alerta.swift */; };
		3BE6962E2745C1CF00450757 /* AppDelegate.swift in Sources */ = {isa = PBXBuildFile; fileRef = 3BE6962D2745C1CF00450757 /* AppDelegate.swift */; };
		3BE696302745C1CF00450757 /* SceneDelegate.swift in Sources */ = {isa = PBXBuildFile; fileRef = 3BE6962F2745C1CF00450757 /* SceneDelegate.swift */; };
		3BE696322745C1CF00450757 /* ViewController.swift in Sources */ = {isa = PBXBuildFile; fileRef = 3BE696312745C1CF00450757 /* ViewController.swift */; };
		3BE696352745C1CF00450757 /* Main.storyboard in Resources */ = {isa = PBXBuildFile; fileRef = 3BE696332745C1CF00450757 /* Main.storyboard */; };
		3BE696372745C1D000450757 /* Assets.xcassets in Resources */ = {isa = PBXBuildFile; fileRef = 3BE696362745C1D000450757 /* Assets.xcassets */; };
		3BE6963A2745C1D000450757 /* LaunchScreen.storyboard in Resources */ = {isa = PBXBuildFile; fileRef = 3BE696382745C1D000450757 /* LaunchScreen.storyboard */; };
/* End PBXBuildFile section */

/* Begin PBXFileReference section */
		3B329A07274EF30400948681 /* Refeicao.swift */ = {isa = PBXFileReference; lastKnownFileType = sourcecode.swift; path = Refeicao.swift; sourceTree = "<group>"; };
		3B329A09274EF35D00948681 /* Item.swift */ = {isa = PBXFileReference; lastKnownFileType = sourcecode.swift; path = Item.swift; sourceTree = "<group>"; };
		3B5125E32752CE5700D3821D /* RefeicoesViewController.swift */ = {isa = PBXFileReference; lastKnownFileType = sourcecode.swift; path = RefeicoesViewController.swift; sourceTree = "<group>"; };
		3B64411C274709B3004D25BD /* MyPlayground.playground */ = {isa = PBXFileReference; lastKnownFileType = file.playground; name = MyPlayground.playground; path = ../../MyPlayground.playground; sourceTree = "<group>"; xcLanguageSpecificationIdentifier = xcode.lang.swift; };
		3B65B7872753F445003E7D7C /* AdicionarItemViewController.swift */ = {isa = PBXFileReference; lastKnownFileType = sourcecode.swift; path = AdicionarItemViewController.swift; sourceTree = "<group>"; };
		3B65B7882753F445003E7D7C /* AdicionarItemViewController.xib */ = {isa = PBXFileReference; lastKnownFileType = file.xib; path = AdicionarItemViewController.xib; sourceTree = "<group>"; };
		3B8F3AF527583D3400914B2C /* Alerta.swift */ = {isa = PBXFileReference; lastKnownFileType = sourcecode.swift; path = Alerta.swift; sourceTree = "<group>"; };
		3BE6962A2745C1CF00450757 /* eggplant-brownie.app */ = {isa = PBXFileReference; explicitFileType = wrapper.application; includeInIndex = 0; path = "eggplant-brownie.app"; sourceTree = BUILT_PRODUCTS_DIR; };
		3BE6962D2745C1CF00450757 /* AppDelegate.swift */ = {isa = PBXFileReference; lastKnownFileType = sourcecode.swift; path = AppDelegate.swift; sourceTree = "<group>"; };
		3BE6962F2745C1CF00450757 /* SceneDelegate.swift */ = {isa = PBXFileReference; lastKnownFileType = sourcecode.swift; path = SceneDelegate.swift; sourceTree = "<group>"; };
		3BE696312745C1CF00450757 /* ViewController.swift */ = {isa = PBXFileReference; lastKnownFileType = sourcecode.swift; path = ViewController.swift; sourceTree = "<group>"; };
		3BE696342745C1CF00450757 /* Base */ = {isa = PBXFileReference; lastKnownFileType = file.storyboard; name = Base; path = Base.lproj/Main.storyboard; sourceTree = "<group>"; };
		3BE696362745C1D000450757 /* Assets.xcassets */ = {isa = PBXFileReference; lastKnownFileType = folder.assetcatalog; path = Assets.xcassets; sourceTree = "<group>"; };
		3BE696392745C1D000450757 /* Base */ = {isa = PBXFileReference; lastKnownFileType = file.storyboard; name = Base; path = Base.lproj/LaunchScreen.storyboard; sourceTree = "<group>"; };
		3BE6963B2745C1D000450757 /* Info.plist */ = {isa = PBXFileReference; lastKnownFileType = text.plist.xml; path = Info.plist; sourceTree = "<group>"; };
/* End PBXFileReference section */

/* Begin PBXFrameworksBuildPhase section */
		3BE696272745C1CF00450757 /* Frameworks */ = {
			isa = PBXFrameworksBuildPhase;
			buildActionMask = 2147483647;
			files = (
			);
			runOnlyForDeploymentPostprocessing = 0;
		};
/* End PBXFrameworksBuildPhase section */

/* Begin PBXGroup section */
		3B329A0B274EF40D00948681 /* Models */ = {
			isa = PBXGroup;
			children = (
				3B329A09274EF35D00948681 /* Item.swift */,
				3B329A07274EF30400948681 /* Refeicao.swift */,
			);
			path = Models;
			sourceTree = "<group>";
		};
		3B329A0D274EF47300948681 /* Views */ = {
			isa = PBXGroup;
			children = (
				3B65B7882753F445003E7D7C /* AdicionarItemViewController.xib */,
				3BE696332745C1CF00450757 /* Main.storyboard */,
			);
			path = Views;
			sourceTree = "<group>";
		};
		3B329A0E274EF58C00948681 /* Controllers */ = {
			isa = PBXGroup;
			children = (
				3BE696312745C1CF00450757 /* ViewController.swift */,
				3B5125E32752CE5700D3821D /* RefeicoesViewController.swift */,
				3B65B7872753F445003E7D7C /* AdicionarItemViewController.swift */,
			);
			path = Controllers;
			sourceTree = "<group>";
		};
		3B8F3AF427583D1200914B2C /* Utils */ = {
			isa = PBXGroup;
			children = (
				3B8F3AF527583D3400914B2C /* Alerta.swift */,
			);
			path = Utils;
			sourceTree = "<group>";
		};
		3BE696212745C1CF00450757 = {
			isa = PBXGroup;
			children = (
				3BE6962C2745C1CF00450757 /* eggplant-brownie */,
				3BE6962B2745C1CF00450757 /* Products */,
			);
			sourceTree = "<group>";
		};
		3BE6962B2745C1CF00450757 /* Products */ = {
			isa = PBXGroup;
			children = (
				3BE6962A2745C1CF00450757 /* eggplant-brownie.app */,
			);
			name = Products;
			sourceTree = "<group>";
		};
		3BE6962C2745C1CF00450757 /* eggplant-brownie */ = {
			isa = PBXGroup;
			children = (
				3BE6962D2745C1CF00450757 /* AppDelegate.swift */,
				3B329A0B274EF40D00948681 /* Models */,
				3B329A0E274EF58C00948681 /* Controllers */,
				3B329A0D274EF47300948681 /* Views */,
				3B8F3AF427583D1200914B2C /* Utils */,
				3BE6962F2745C1CF00450757 /* SceneDelegate.swift */,
				3BE696362745C1D000450757 /* Assets.xcassets */,
				3B64411C274709B3004D25BD /* MyPlayground.playground */,
				3BE696382745C1D000450757 /* LaunchScreen.storyboard */,
				3BE6963B2745C1D000450757 /* Info.plist */,
			);
			path = "eggplant-brownie";
			sourceTree = "<group>";
		};
/* End PBXGroup section */

/* Begin PBXNativeTarget section */
		3BE696292745C1CF00450757 /* eggplant-brownie */ = {
			isa = PBXNativeTarget;
			buildConfigurationList = 3BE6963E2745C1D000450757 /* Build configuration list for PBXNativeTarget "eggplant-brownie" */;
			buildPhases = (
				3BE696262745C1CF00450757 /* Sources */,
				3BE696272745C1CF00450757 /* Frameworks */,
				3BE696282745C1CF00450757 /* Resources */,
			);
			buildRules = (
			);
			dependencies = (
			);
			name = "eggplant-brownie";
			productName = "eggplant-brownie";
			productReference = 3BE6962A2745C1CF00450757 /* eggplant-brownie.app */;
			productType = "com.apple.product-type.application";
		};
/* End PBXNativeTarget section */

/* Begin PBXProject section */
		3BE696222745C1CF00450757 /* Project object */ = {
			isa = PBXProject;
			attributes = {
				BuildIndependentTargetsInParallel = 1;
				LastSwiftUpdateCheck = 1310;
				LastUpgradeCheck = 1310;
				TargetAttributes = {
					3BE696292745C1CF00450757 = {
						CreatedOnToolsVersion = 13.1;
					};
				};
			};
			buildConfigurationList = 3BE696252745C1CF00450757 /* Build configuration list for PBXProject "eggplant-brownie" */;
			compatibilityVersion = "Xcode 13.0";
			developmentRegion = en;
			hasScannedForEncodings = 0;
			knownRegions = (
				en,
				Base,
			);
			mainGroup = 3BE696212745C1CF00450757;
			productRefGroup = 3BE6962B2745C1CF00450757 /* Products */;
			projectDirPath = "";
			projectRoot = "";
			targets = (
				3BE696292745C1CF00450757 /* eggplant-brownie */,
			);
		};
/* End PBXProject section */

/* Begin PBXResourcesBuildPhase section */
		3BE696282745C1CF00450757 /* Resources */ = {
			isa = PBXResourcesBuildPhase;
			buildActionMask = 2147483647;
			files = (
				3B65B78A2753F445003E7D7C /* AdicionarItemViewController.xib in Resources */,
				3BE6963A2745C1D000450757 /* LaunchScreen.storyboard in Resources */,
				3BE696372745C1D000450757 /* Assets.xcassets in Resources */,
				3BE696352745C1CF00450757 /* Main.storyboard in Resources */,
			);
			runOnlyForDeploymentPostprocessing = 0;
		};
/* End PBXResourcesBuildPhase section */

/* Begin PBXSourcesBuildPhase section */
		3BE696262745C1CF00450757 /* Sources */ = {
			isa = PBXSourcesBuildPhase;
			buildActionMask = 2147483647;
			files = (
				3B8F3AF627583D3400914B2C /* Alerta.swift in Sources */,
				3B5125E42752CE5700D3821D /* RefeicoesViewController.swift in Sources */,
				3B329A0A274EF35D00948681 /* Item.swift in Sources */,
				3BE696322745C1CF00450757 /* ViewController.swift in Sources */,
				3B65B7892753F445003E7D7C /* AdicionarItemViewController.swift in Sources */,
				3BE6962E2745C1CF00450757 /* AppDelegate.swift in Sources */,
				3BE696302745C1CF00450757 /* SceneDelegate.swift in Sources */,
				3B329A08274EF30400948681 /* Refeicao.swift in Sources */,
			);
			runOnlyForDeploymentPostprocessing = 0;
		};
/* End PBXSourcesBuildPhase section */

/* Begin PBXVariantGroup section */
		3BE696332745C1CF00450757 /* Main.storyboard */ = {
			isa = PBXVariantGroup;
			children = (
				3BE696342745C1CF00450757 /* Base */,
			);
			name = Main.storyboard;
			sourceTree = "<group>";
		};
		3BE696382745C1D000450757 /* LaunchScreen.storyboard */ = {
			isa = PBXVariantGroup;
			children = (
				3BE696392745C1D000450757 /* Base */,
			);
			name = LaunchScreen.storyboard;
			sourceTree = "<group>";
		};
/* End PBXVariantGroup section */

/* Begin XCBuildConfiguration section */
		3BE6963C2745C1D000450757 /* Debug */ = {
			isa = XCBuildConfiguration;
			buildSettings = {
				ALWAYS_SEARCH_USER_PATHS = NO;
				CLANG_ANALYZER_NONNULL = YES;
				CLANG_ANALYZER_NUMBER_OBJECT_CONVERSION = YES_AGGRESSIVE;
				CLANG_CXX_LANGUAGE_STANDARD = "gnu++17";
				CLANG_CXX_LIBRARY = "libc++";
				CLANG_ENABLE_MODULES = YES;
				CLANG_ENABLE_OBJC_ARC = YES;
				CLANG_ENABLE_OBJC_WEAK = YES;
				CLANG_WARN_BLOCK_CAPTURE_AUTORELEASING = YES;
				CLANG_WARN_BOOL_CONVERSION = YES;
				CLANG_WARN_COMMA = YES;
				CLANG_WARN_CONSTANT_CONVERSION = YES;
				CLANG_WARN_DEPRECATED_OBJC_IMPLEMENTATIONS = YES;
				CLANG_WARN_DIRECT_OBJC_ISA_USAGE = YES_ERROR;
				CLANG_WARN_DOCUMENTATION_COMMENTS = YES;
				CLANG_WARN_EMPTY_BODY = YES;
				CLANG_WARN_ENUM_CONVERSION = YES;
				CLANG_WARN_INFINITE_RECURSION = YES;
				CLANG_WARN_INT_CONVERSION = YES;
				CLANG_WARN_NON_LITERAL_NULL_CONVERSION = YES;
				CLANG_WARN_OBJC_IMPLICIT_RETAIN_SELF = YES;
				CLANG_WARN_OBJC_LITERAL_CONVERSION = YES;
				CLANG_WARN_OBJC_ROOT_CLASS = YES_ERROR;
				CLANG_WARN_QUOTED_INCLUDE_IN_FRAMEWORK_HEADER = YES;
				CLANG_WARN_RANGE_LOOP_ANALYSIS = YES;
				CLANG_WARN_STRICT_PROTOTYPES = YES;
				CLANG_WARN_SUSPICIOUS_MOVE = YES;
				CLANG_WARN_UNGUARDED_AVAILABILITY = YES_AGGRESSIVE;
				CLANG_WARN_UNREACHABLE_CODE = YES;
				CLANG_WARN__DUPLICATE_METHOD_MATCH = YES;
				COPY_PHASE_STRIP = NO;
				DEBUG_INFORMATION_FORMAT = dwarf;
				ENABLE_STRICT_OBJC_MSGSEND = YES;
				ENABLE_TESTABILITY = YES;
				GCC_C_LANGUAGE_STANDARD = gnu11;
				GCC_DYNAMIC_NO_PIC = NO;
				GCC_NO_COMMON_BLOCKS = YES;
				GCC_OPTIMIZATION_LEVEL = 0;
				GCC_PREPROCESSOR_DEFINITIONS = (
					"DEBUG=1",
					"$(inherited)",
				);
				GCC_WARN_64_TO_32_BIT_CONVERSION = YES;
				GCC_WARN_ABOUT_RETURN_TYPE = YES_ERROR;
				GCC_WARN_UNDECLARED_SELECTOR = YES;
				GCC_WARN_UNINITIALIZED_AUTOS = YES_AGGRESSIVE;
				GCC_WARN_UNUSED_FUNCTION = YES;
				GCC_WARN_UNUSED_VARIABLE = YES;
				IPHONEOS_DEPLOYMENT_TARGET = 15.0;
				MTL_ENABLE_DEBUG_INFO = INCLUDE_SOURCE;
				MTL_FAST_MATH = YES;
				ONLY_ACTIVE_ARCH = YES;
				SDKROOT = iphoneos;
				SWIFT_ACTIVE_COMPILATION_CONDITIONS = DEBUG;
				SWIFT_OPTIMIZATION_LEVEL = "-Onone";
			};
			name = Debug;
		};
		3BE6963D2745C1D000450757 /* Release */ = {
			isa = XCBuildConfiguration;
			buildSettings = {
				ALWAYS_SEARCH_USER_PATHS = NO;
				CLANG_ANALYZER_NONNULL = YES;
				CLANG_ANALYZER_NUMBER_OBJECT_CONVERSION = YES_AGGRESSIVE;
				CLANG_CXX_LANGUAGE_STANDARD = "gnu++17";
				CLANG_CXX_LIBRARY = "libc++";
				CLANG_ENABLE_MODULES = YES;
				CLANG_ENABLE_OBJC_ARC = YES;
				CLANG_ENABLE_OBJC_WEAK = YES;
				CLANG_WARN_BLOCK_CAPTURE_AUTORELEASING = YES;
				CLANG_WARN_BOOL_CONVERSION = YES;
				CLANG_WARN_COMMA = YES;
				CLANG_WARN_CONSTANT_CONVERSION = YES;
				CLANG_WARN_DEPRECATED_OBJC_IMPLEMENTATIONS = YES;
				CLANG_WARN_DIRECT_OBJC_ISA_USAGE = YES_ERROR;
				CLANG_WARN_DOCUMENTATION_COMMENTS = YES;
				CLANG_WARN_EMPTY_BODY = YES;
				CLANG_WARN_ENUM_CONVERSION = YES;
				CLANG_WARN_INFINITE_RECURSION = YES;
				CLANG_WARN_INT_CONVERSION = YES;
				CLANG_WARN_NON_LITERAL_NULL_CONVERSION = YES;
				CLANG_WARN_OBJC_IMPLICIT_RETAIN_SELF = YES;
				CLANG_WARN_OBJC_LITERAL_CONVERSION = YES;
				CLANG_WARN_OBJC_ROOT_CLASS = YES_ERROR;
				CLANG_WARN_QUOTED_INCLUDE_IN_FRAMEWORK_HEADER = YES;
				CLANG_WARN_RANGE_LOOP_ANALYSIS = YES;
				CLANG_WARN_STRICT_PROTOTYPES = YES;
				CLANG_WARN_SUSPICIOUS_MOVE = YES;
				CLANG_WARN_UNGUARDED_AVAILABILITY = YES_AGGRESSIVE;
				CLANG_WARN_UNREACHABLE_CODE = YES;
				CLANG_WARN__DUPLICATE_METHOD_MATCH = YES;
				COPY_PHASE_STRIP = NO;
				DEBUG_INFORMATION_FORMAT = "dwarf-with-dsym";
				ENABLE_NS_ASSERTIONS = NO;
				ENABLE_STRICT_OBJC_MSGSEND = YES;
				GCC_C_LANGUAGE_STANDARD = gnu11;
				GCC_NO_COMMON_BLOCKS = YES;
				GCC_WARN_64_TO_32_BIT_CONVERSION = YES;
				GCC_WARN_ABOUT_RETURN_TYPE = YES_ERROR;
				GCC_WARN_UNDECLARED_SELECTOR = YES;
				GCC_WARN_UNINITIALIZED_AUTOS = YES_AGGRESSIVE;
				GCC_WARN_UNUSED_FUNCTION = YES;
				GCC_WARN_UNUSED_VARIABLE = YES;
				IPHONEOS_DEPLOYMENT_TARGET = 15.0;
				MTL_ENABLE_DEBUG_INFO = NO;
				MTL_FAST_MATH = YES;
				SDKROOT = iphoneos;
				SWIFT_COMPILATION_MODE = wholemodule;
				SWIFT_OPTIMIZATION_LEVEL = "-O";
				VALIDATE_PRODUCT = YES;
			};
			name = Release;
		};
		3BE6963F2745C1D000450757 /* Debug */ = {
			isa = XCBuildConfiguration;
			buildSettings = {
				ASSETCATALOG_COMPILER_APPICON_NAME = AppIcon;
				ASSETCATALOG_COMPILER_GLOBAL_ACCENT_COLOR_NAME = AccentColor;
				CODE_SIGN_STYLE = Automatic;
				CURRENT_PROJECT_VERSION = 1;
				GENERATE_INFOPLIST_FILE = YES;
				INFOPLIST_FILE = "eggplant-brownie/Info.plist";
				INFOPLIST_KEY_UIApplicationSupportsIndirectInputEvents = YES;
				INFOPLIST_KEY_UILaunchStoryboardName = LaunchScreen;
				INFOPLIST_KEY_UIMainStoryboardFile = Main;
				INFOPLIST_KEY_UISupportedInterfaceOrientations_iPad = "UIInterfaceOrientationPortrait UIInterfaceOrientationPortraitUpsideDown UIInterfaceOrientationLandscapeLeft UIInterfaceOrientationLandscapeRight";
				INFOPLIST_KEY_UISupportedInterfaceOrientations_iPhone = "UIInterfaceOrientationPortrait UIInterfaceOrientationLandscapeLeft UIInterfaceOrientationLandscapeRight";
				LD_RUNPATH_SEARCH_PATHS = (
					"$(inherited)",
					"@executable_path/Frameworks",
				);
				MARKETING_VERSION = 1.0;
				PRODUCT_BUNDLE_IDENTIFIER = "com.cursoios.eggplant-brownie";
				PRODUCT_NAME = "$(TARGET_NAME)";
				SWIFT_EMIT_LOC_STRINGS = YES;
				SWIFT_VERSION = 5.0;
				TARGETED_DEVICE_FAMILY = "1,2";
			};
			name = Debug;
		};
		3BE696402745C1D000450757 /* Release */ = {
			isa = XCBuildConfiguration;
			buildSettings = {
				ASSETCATALOG_COMPILER_APPICON_NAME = AppIcon;
				ASSETCATALOG_COMPILER_GLOBAL_ACCENT_COLOR_NAME = AccentColor;
				CODE_SIGN_STYLE = Automatic;
				CURRENT_PROJECT_VERSION = 1;
				GENERATE_INFOPLIST_FILE = YES;
				INFOPLIST_FILE = "eggplant-brownie/Info.plist";
				INFOPLIST_KEY_UIApplicationSupportsIndirectInputEvents = YES;
				INFOPLIST_KEY_UILaunchStoryboardName = LaunchScreen;
				INFOPLIST_KEY_UIMainStoryboardFile = Main;
				INFOPLIST_KEY_UISupportedInterfaceOrientations_iPad = "UIInterfaceOrientationPortrait UIInterfaceOrientationPortraitUpsideDown UIInterfaceOrientationLandscapeLeft UIInterfaceOrientationLandscapeRight";
				INFOPLIST_KEY_UISupportedInterfaceOrientations_iPhone = "UIInterfaceOrientationPortrait UIInterfaceOrientationLandscapeLeft UIInterfaceOrientationLandscapeRight";
				LD_RUNPATH_SEARCH_PATHS = (
					"$(inherited)",
					"@executable_path/Frameworks",
				);
				MARKETING_VERSION = 1.0;
				PRODUCT_BUNDLE_IDENTIFIER = "com.cursoios.eggplant-brownie";
				PRODUCT_NAME = "$(TARGET_NAME)";
				SWIFT_EMIT_LOC_STRINGS = YES;
				SWIFT_VERSION = 5.0;
				TARGETED_DEVICE_FAMILY = "1,2";
			};
			name = Release;
		};
/* End XCBuildConfiguration section */

/* Begin XCConfigurationList section */
		3BE696252745C1CF00450757 /* Build configuration list for PBXProject "eggplant-brownie" */ = {
			isa = XCConfigurationList;
			buildConfigurations = (
				3BE6963C2745C1D000450757 /* Debug */,
				3BE6963D2745C1D000450757 /* Release */,
			);
			defaultConfigurationIsVisible = 0;
			defaultConfigurationName = Release;
		};
		3BE6963E2745C1D000450757 /* Build configuration list for PBXNativeTarget "eggplant-brownie" */ = {
			isa = XCConfigurationList;
			buildConfigurations = (
				3BE6963F2745C1D000450757 /* Debug */,
				3BE696402745C1D000450757 /* Release */,
			);
			defaultConfigurationIsVisible = 0;
			defaultConfigurationName = Release;
		};
/* End XCConfigurationList section */
	};
	rootObject = 3BE696222745C1CF00450757 /* Project object */;
}
